
Microsoft Visual Studio Solution File, Format Version 12.00
# Visual Studio 15
VisualStudioVersion = 15.0.28307.136
MinimumVisualStudioVersion = 10.0.40219.1
Project("{FAE04EC0-301F-11D3-BF4B-00C04F79EFBC}") = "Runway", "Runway\Runway.csproj", "{F20177CA-6E05-4970-8372-A90BB8621C33}"
EndProject
Global
	GlobalSection(SolutionConfigurationPlatforms) = preSolution
		Debug|Any CPU = Debug|Any CPU
		Release|Any CPU = Release|Any CPU
	EndGlobalSection
	GlobalSection(ProjectConfigurationPlatforms) = postSolution
		{F20177CA-6E05-4970-8372-A90BB8621C33}.Debug|Any CPU.ActiveCfg = Debug|Any CPU
		{F20177CA-6E05-4970-8372-A90BB8621C33}.Debug|Any CPU.Build.0 = Debug|Any CPU
		{F20177CA-6E05-4970-8372-A90BB8621C33}.Release|Any CPU.ActiveCfg = Release|Any CPU
		{F20177CA-6E05-4970-8372-A90BB8621C33}.Release|Any CPU.Build.0 = Release|Any CPU
	EndGlobalSection
	GlobalSection(SolutionProperties) = preSolution
		HideSolutionNode = FALSE
	EndGlobalSection
	GlobalSection(ExtensibilityGlobals) = postSolution
		SolutionGuid = {4A918013-6468-4121-98FF-00674C29673E}
	EndGlobalSection
EndGlobal
